
Microsoft Visual Studio Solution File, Format Version 12.00
# Visual Studio Version 16
VisualStudioVersion = 25.0.1706.2
MinimumVisualStudioVersion = 10.0.40219.1
Project("{FAE04EC0-301F-11D3-BF4B-00C04F79EFBC}") = "actor_system_practice", "actor_system_practice\actor_system_practice.csproj", "{2517DB7C-9AEB-48CA-BED6-EF495AB5148A}"
EndProject
Global
	GlobalSection(SolutionConfigurationPlatforms) = preSolution
		Debug|Any CPU = Debug|Any CPU
		Release|Any CPU = Release|Any CPU
	EndGlobalSection
	GlobalSection(ProjectConfigurationPlatforms) = postSolution
		{2517DB7C-9AEB-48CA-BED6-EF495AB5148A}.Debug|Any CPU.ActiveCfg = Debug|Any CPU
		{2517DB7C-9AEB-48CA-BED6-EF495AB5148A}.Debug|Any CPU.Build.0 = Debug|Any CPU
		{2517DB7C-9AEB-48CA-BED6-EF495AB5148A}.Release|Any CPU.ActiveCfg = Release|Any CPU
		{2517DB7C-9AEB-48CA-BED6-EF495AB5148A}.Release|Any CPU.Build.0 = Release|Any CPU
	EndGlobalSection
	GlobalSection(SolutionProperties) = preSolution
		HideSolutionNode = FALSE
	EndGlobalSection
	GlobalSection(ExtensibilityGlobals) = postSolution
		SolutionGuid = {97192AA5-19AD-4A65-A0F5-616D9470C7A8}
	EndGlobalSection
EndGlobal
